{
  "name": "reinbox",
  "version": "0.1.1",
  "lockfileVersion": 1,
  "requires": true,
  "dependencies": {
    "@types/prop-types": {
      "version": "15.5.8",
      "resolved": "https://registry.npmjs.org/@types/prop-types/-/prop-types-15.5.8.tgz",
      "integrity": "sha512-3AQoUxQcQtLHsK25wtTWIoIpgYjH3vSDroZOUr7PpCHw/jLY1RB9z9E8dBT/OSmwStVgkRNvdh+ZHNiomRieaw==",
      "dev": true
    },
    "@types/react": {
      "version": "16.7.22",
      "resolved": "https://registry.npmjs.org/@types/react/-/react-16.7.22.tgz",
      "integrity": "sha512-j/3tVoY09kHcTfbia4l67ofQn9xvktUvlC/4QN0KuBHAXlbU/wuGKMb8WfEb/vIcWxsOxHv559uYprkFDFfP8Q==",
      "dev": true,
      "requires": {
        "@types/prop-types": "*",
        "csstype": "^2.2.0"
      }
    },
    "@types/react-test-renderer": {
      "version": "16.0.2",
      "resolved": "https://registry.npmjs.org/@types/react-test-renderer/-/react-test-renderer-16.0.2.tgz",
      "integrity": "sha512-lK+a393eI42Bz47pLJ9g9XSy45BdAOtHjY8OYbvePw0T7zJc1kgnlVovu+D31dINpB5cKgkYVNq65A/EQWz6jQ==",
      "dev": true,
      "requires": {
        "@types/react": "16.4.14"
      },
      "dependencies": {
        "@types/react": {
          "version": "16.4.14",
          "resolved": "https://registry.npmjs.org/@types/react/-/react-16.4.14.tgz",
          "integrity": "sha512-Gh8irag2dbZ2K6vPn+S8+LNrULuG3zlCgJjVUrvuiUK7waw9d9CFk2A/tZFyGhcMDUyO7tznbx1ZasqlAGjHxA==",
          "dev": true,
          "requires": {
            "@types/prop-types": "*",
            "csstype": "^2.2.0"
          }
        }
      }
    },
    "csstype": {
      "version": "2.6.1",
      "resolved": "https://registry.npmjs.org/csstype/-/csstype-2.6.1.tgz",
      "integrity": "sha512-wv7IRqCGsL7WGKB8gPvrl+++HlFM9kxAM6jL1EXNPNTshEJYilMkbfS2SnuHha77uosp/YVK0wAp2jmlBzn1tg==",
      "dev": true
    },
    "deepmerge": {
      "version": "2.1.1",
      "resolved": "https://registry.npmjs.org/deepmerge/-/deepmerge-2.1.1.tgz",
      "integrity": "sha512-urQxA1smbLZ2cBbXbaYObM1dJ82aJ2H57A1C/Kklfh/ZN1bgH4G/n5KWhdNfOK11W98gqZfyYj7W4frJJRwA2w=="
    },
    "fast-deep-equal": {
      "version": "1.1.0",
      "resolved": "https://registry.npmjs.org/fast-deep-equal/-/fast-deep-equal-1.1.0.tgz",
      "integrity": "sha1-wFNHeBfIa1HaqFPIHgWbcz0CNhQ="
    },
    "find-up": {
      "version": "3.0.0",
      "resolved": "https://registry.npmjs.org/find-up/-/find-up-3.0.0.tgz",
      "integrity": "sha512-1yD6RmLI1XBfxugvORwlck6f75tYL+iR0jqwsOrOxMZyGYqUuDhJ0l4AXdO1iX/FTs9cBAMEk1gWSEx1kSbylg==",
      "dev": true,
      "requires": {
        "locate-path": "^3.0.0"
      }
    },
    "js-tokens": {
      "version": "3.0.2",
      "resolved": "https://registry.npmjs.org/js-tokens/-/js-tokens-3.0.2.tgz",
      "integrity": "sha1-mGbfOVECEw449/mWvOtlRDIJwls=",
      "dev": true
    },
    "locate-path": {
      "version": "3.0.0",
      "resolved": "https://registry.npmjs.org/locate-path/-/locate-path-3.0.0.tgz",
      "integrity": "sha512-7AO748wWnIhNqAuaty2ZWHkQHRSNfPVIsPIfwEOWO22AmaoVrWavlOcMR5nzTLNYvp36X220/maaRsrec1G65A==",
      "dev": true,
      "requires": {
        "p-locate": "^3.0.0",
        "path-exists": "^3.0.0"
      }
    },
    "loose-envify": {
      "version": "1.4.0",
      "resolved": "https://registry.npmjs.org/loose-envify/-/loose-envify-1.4.0.tgz",
      "integrity": "sha512-lyuxPGr/Wfhrlem2CL/UcnUc1zcqKAImBDzukY7Y5F/yQiNdko6+fRLevlw1HgMySw7f611UIY408EtxRSoK3Q==",
      "dev": true,
      "requires": {
        "js-tokens": "3.0.2"
      }
    },
    "mongolike-operations": {
      "version": "0.1.5",
      "resolved": "https://registry.npmjs.org/mongolike-operations/-/mongolike-operations-0.1.5.tgz",
      "integrity": "sha512-sYFNudINVxHuC68pJp4HWi4IXL3GPLeg4s/wSEWPyNKAd62cpXli9FYwex3d1eLo718o2znXlINfjRK+LZOoeA=="
    },
    "oad-utils": {
      "version": "0.2.1",
      "resolved": "https://registry.npmjs.org/oad-utils/-/oad-utils-0.2.1.tgz",
      "integrity": "sha512-5uHyRkL73X69mXWUVJ5/ZmH9oV1x4xe+MBKulF97dfV3ABPNolV1qzANhCI+mCsBzZJNZW9Igmo+olz/3mBa2A==",
      "requires": {
        "deepmerge": "2.1.1",
        "mongolike-operations": "0.1.5"
      }
    },
    "object-assign": {
      "version": "4.1.1",
      "resolved": "https://registry.npmjs.org/object-assign/-/object-assign-4.1.1.tgz",
      "integrity": "sha1-IQmtx5ZYh8/AXLvUQsrIv7s2CGM=",
      "dev": true
    },
    "p-limit": {
      "version": "2.1.0",
      "resolved": "https://registry.npmjs.org/p-limit/-/p-limit-2.1.0.tgz",
      "integrity": "sha512-NhURkNcrVB+8hNfLuysU8enY5xn2KXphsHBaC2YmRNTZRc7RWusw6apSpdEj3jo4CMb6W9nrF6tTnsJsJeyu6g==",
      "dev": true,
      "requires": {
        "p-try": "^2.0.0"
      }
    },
    "p-locate": {
      "version": "3.0.0",
      "resolved": "https://registry.npmjs.org/p-locate/-/p-locate-3.0.0.tgz",
      "integrity": "sha512-x+12w/To+4GFfgJhBEpiDcLozRJGegY+Ei7/z0tSLkMmxGZNybVMSfWj9aJn8Z5Fc7dBUNJOOVgPv2H7IwulSQ==",
      "dev": true,
      "requires": {
        "p-limit": "^2.0.0"
      }
    },
    "p-try": {
      "version": "2.0.0",
      "resolved": "https://registry.npmjs.org/p-try/-/p-try-2.0.0.tgz",
      "integrity": "sha512-hMp0onDKIajHfIkdRk3P4CdCmErkYAxxDtP3Wx/4nZ3aGlau2VKh3mZpcuFkH27WQkL/3WBCPOktzA9ZOAnMQQ==",
      "dev": true
    },
    "path-exists": {
      "version": "3.0.0",
      "resolved": "https://registry.npmjs.org/path-exists/-/path-exists-3.0.0.tgz",
      "integrity": "sha1-zg6+ql94yxiSXqfYENe1mwEP1RU=",
      "dev": true
    },
    "power-assign": {
      "version": "0.2.9",
      "resolved": "https://registry.npmjs.org/power-assign/-/power-assign-0.2.9.tgz",
      "integrity": "sha512-FmOXgCtgQbc9vzj48l5yYWTzEf8J+5WdUcmkYTmzoVDrcHVdsOZbf6Z0Y01u2UrRKRxEkscdrTDRrFf6X4S7Tw==",
      "requires": {
        "fast-deep-equal": "1.1.0",
        "mongolike-operations": "0.1.5",
        "oad-utils": "0.2.1",
        "power-filter": "0.1.8"
      }
    },
    "power-filter": {
      "version": "0.1.8",
      "resolved": "https://registry.npmjs.org/power-filter/-/power-filter-0.1.8.tgz",
      "integrity": "sha512-hG+9w0y2mdn5va/KgmtVb2bYmZdv3fJeZEyVOyTqJJD4UxGrnSpvD9Eu+UyDlLOERwv8xKEpYs5fPGREhF+qXg==",
      "requires": {
        "fast-deep-equal": "1.1.0",
        "mongolike-operations": "0.1.5",
        "oad-utils": "0.2.1"
      }
    },
    "prop-types": {
      "version": "15.6.2",
      "resolved": "https://registry.npmjs.org/prop-types/-/prop-types-15.6.2.tgz",
      "integrity": "sha512-3pboPvLiWD7dkI3qf3KbUe6hKFKa52w+AE0VCqECtf+QHAKgOL37tTaNCnuX1nAAQ4ZhyP+kYVKf8rLmJ/feDQ==",
      "dev": true,
      "requires": {
        "loose-envify": "1.4.0",
        "object-assign": "4.1.1"
      }
    },
    "react": {
      "version": "16.5.2",
      "resolved": "https://registry.npmjs.org/react/-/react-16.5.2.tgz",
      "integrity": "sha512-FDCSVd3DjVTmbEAjUNX6FgfAmQ+ypJfHUsqUJOYNCBUp1h8lqmtC+0mXJ+JjsWx4KAVTkk1vKd1hLQPvEviSuw==",
      "dev": true,
      "requires": {
        "loose-envify": "1.4.0",
        "object-assign": "4.1.1",
        "prop-types": "15.6.2",
        "schedule": "0.5.0"
      }
    },
    "react-is": {
      "version": "16.5.2",
      "resolved": "https://registry.npmjs.org/react-is/-/react-is-16.5.2.tgz",
      "integrity": "sha512-hSl7E6l25GTjNEZATqZIuWOgSnpXb3kD0DVCujmg46K5zLxsbiKaaT6VO9slkSBDPZfYs30lwfJwbOFOnoEnKQ==",
      "dev": true
    },
    "react-test-renderer": {
      "version": "16.5.2",
      "resolved": "https://registry.npmjs.org/react-test-renderer/-/react-test-renderer-16.5.2.tgz",
      "integrity": "sha512-AGbJYbCVx1J6jdUgI4s0hNp+9LxlgzKvXl0ROA3DHTrtjAr00Po1RhDZ/eAq2VC/ww8AHgpDXULh5V2rhEqqJg==",
      "dev": true,
      "requires": {
        "object-assign": "4.1.1",
        "prop-types": "15.6.2",
        "react-is": "16.5.2",
        "schedule": "0.5.0"
      }
    },
    "schedule": {
      "version": "0.5.0",
      "resolved": "https://registry.npmjs.org/schedule/-/schedule-0.5.0.tgz",
      "integrity": "sha512-HUcJicG5Ou8xfR//c2rPT0lPIRR09vVvN81T9fqfVgBmhERUbDEQoYKjpBxbueJnCPpSu2ujXzOnRQt6x9o/jw==",
      "dev": true,
      "requires": {
        "object-assign": "4.1.1"
      }
    },
    "upbin": {
      "version": "0.9.0",
      "resolved": "https://registry.npmjs.org/upbin/-/upbin-0.9.0.tgz",
      "integrity": "sha512-gQJNXsS5DokdKZcWhhRWdpCsIcrzsGWq8avI25DB1jTrAJ/5XRkfpPpNtPkbATSvuLeND9orw++vBZNmdKBgjA==",
      "dev": true,
      "requires": {
        "find-up": "^3.0.0"
      }
    }
  }
}
